
Microsoft Visual Studio Solution File, Format Version 12.00
# Visual Studio Version 17
VisualStudioVersion = 17.1.32421.90
MinimumVisualStudioVersion = 10.0.40219.1
Project("{FAE04EC0-301F-11D3-BF4B-00C04F79EFBC}") = "WebApi", "WebApi\WebApi.csproj", "{7FFC5982-5B73-4078-87A0-F16B87421B42}"
EndProject
Project("{FAE04EC0-301F-11D3-BF4B-00C04F79EFBC}") = "Infrastructure", "Infrastructure\Infrastructure.csproj", "{95987B32-73F3-443B-BE8B-58A4CD066880}"
EndProject
Project("{FAE04EC0-301F-11D3-BF4B-00C04F79EFBC}") = "BllService", "BllService\BllService.csproj", "{07A23D1B-CCB7-4131-8C22-73BE263CC361}"
EndProject
Project("{FAE04EC0-301F-11D3-BF4B-00C04F79EFBC}") = "Data", "Data\Data.csproj", "{0915F335-6B28-4341-B7C1-C366DDB56D7C}"
EndProject
Global
	GlobalSection(SolutionConfigurationPlatforms) = preSolution
		Debug|Any CPU = Debug|Any CPU
		Release|Any CPU = Release|Any CPU
	EndGlobalSection
	GlobalSection(ProjectConfigurationPlatforms) = postSolution
		{7FFC5982-5B73-4078-87A0-F16B87421B42}.Debug|Any CPU.ActiveCfg = Debug|Any CPU
		{7FFC5982-5B73-4078-87A0-F16B87421B42}.Debug|Any CPU.Build.0 = Debug|Any CPU
		{7FFC5982-5B73-4078-87A0-F16B87421B42}.Release|Any CPU.ActiveCfg = Release|Any CPU
		{7FFC5982-5B73-4078-87A0-F16B87421B42}.Release|Any CPU.Build.0 = Release|Any CPU
		{95987B32-73F3-443B-BE8B-58A4CD066880}.Debug|Any CPU.ActiveCfg = Debug|Any CPU
		{95987B32-73F3-443B-BE8B-58A4CD066880}.Debug|Any CPU.Build.0 = Debug|Any CPU
		{95987B32-73F3-443B-BE8B-58A4CD066880}.Release|Any CPU.ActiveCfg = Release|Any CPU
		{95987B32-73F3-443B-BE8B-58A4CD066880}.Release|Any CPU.Build.0 = Release|Any CPU
		{07A23D1B-CCB7-4131-8C22-73BE263CC361}.Debug|Any CPU.ActiveCfg = Debug|Any CPU
		{07A23D1B-CCB7-4131-8C22-73BE263CC361}.Debug|Any CPU.Build.0 = Debug|Any CPU
		{07A23D1B-CCB7-4131-8C22-73BE263CC361}.Release|Any CPU.ActiveCfg = Release|Any CPU
		{07A23D1B-CCB7-4131-8C22-73BE263CC361}.Release|Any CPU.Build.0 = Release|Any CPU
		{0915F335-6B28-4341-B7C1-C366DDB56D7C}.Debug|Any CPU.ActiveCfg = Debug|Any CPU
		{0915F335-6B28-4341-B7C1-C366DDB56D7C}.Debug|Any CPU.Build.0 = Debug|Any CPU
		{0915F335-6B28-4341-B7C1-C366DDB56D7C}.Release|Any CPU.ActiveCfg = Release|Any CPU
		{0915F335-6B28-4341-B7C1-C366DDB56D7C}.Release|Any CPU.Build.0 = Release|Any CPU
	EndGlobalSection
	GlobalSection(SolutionProperties) = preSolution
		HideSolutionNode = FALSE
	EndGlobalSection
	GlobalSection(ExtensibilityGlobals) = postSolution
		SolutionGuid = {FDA1FBA8-1FD4-402F-BB92-19473EC21FD5}
	EndGlobalSection
EndGlobal
